
Microsoft Visual Studio Solution File, Format Version 12.00
# Visual Studio 15
VisualStudioVersion = 15.0.27703.2000
MinimumVisualStudioVersion = 10.0.40219.1
Project("{FAE04EC0-301F-11D3-BF4B-00C04F79EFBC}") = "Helios", "Helios\Helios.csproj", "{AA3DE3D9-57C8-4672-A100-96F5904A660E}"
	ProjectSection(ProjectDependencies) = postProject
		{6CE97905-DC21-4899-9D6E-114B42A16FA3} = {6CE97905-DC21-4899-9D6E-114B42A16FA3}
		{E2C4B715-1E55-4949-89FA-DD4B65D70A77} = {E2C4B715-1E55-4949-89FA-DD4B65D70A77}
		{92F886C5-AC71-416C-9278-D8A013777658} = {92F886C5-AC71-416C-9278-D8A013777658}
		{47A5CBC6-1AA1-459A-8A82-6D99E175C749} = {47A5CBC6-1AA1-459A-8A82-6D99E175C749}
	EndProjectSection
EndProject
Project("{FAE04EC0-301F-11D3-BF4B-00C04F79EFBC}") = "DAL", "DAL\DAL.csproj", "{92F886C5-AC71-416C-9278-D8A013777658}"
	ProjectSection(ProjectDependencies) = postProject
		{E2C4B715-1E55-4949-89FA-DD4B65D70A77} = {E2C4B715-1E55-4949-89FA-DD4B65D70A77}
	EndProjectSection
EndProject
Project("{FAE04EC0-301F-11D3-BF4B-00C04F79EFBC}") = "BLL", "BLL\BLL.csproj", "{47A5CBC6-1AA1-459A-8A82-6D99E175C749}"
	ProjectSection(ProjectDependencies) = postProject
		{E2C4B715-1E55-4949-89FA-DD4B65D70A77} = {E2C4B715-1E55-4949-89FA-DD4B65D70A77}
		{92F886C5-AC71-416C-9278-D8A013777658} = {92F886C5-AC71-416C-9278-D8A013777658}
	EndProjectSection
EndProject
Project("{FAE04EC0-301F-11D3-BF4B-00C04F79EFBC}") = "Model", "Model\Model.csproj", "{E2C4B715-1E55-4949-89FA-DD4B65D70A77}"
EndProject
Project("{FAE04EC0-301F-11D3-BF4B-00C04F79EFBC}") = "UI", "UI\UI.csproj", "{6CE97905-DC21-4899-9D6E-114B42A16FA3}"
	ProjectSection(ProjectDependencies) = postProject
		{E2C4B715-1E55-4949-89FA-DD4B65D70A77} = {E2C4B715-1E55-4949-89FA-DD4B65D70A77}
		{92F886C5-AC71-416C-9278-D8A013777658} = {92F886C5-AC71-416C-9278-D8A013777658}
		{47A5CBC6-1AA1-459A-8A82-6D99E175C749} = {47A5CBC6-1AA1-459A-8A82-6D99E175C749}
	EndProjectSection
EndProject
Global
	GlobalSection(SolutionConfigurationPlatforms) = preSolution
		Debug|Any CPU = Debug|Any CPU
		Release|Any CPU = Release|Any CPU
	EndGlobalSection
	GlobalSection(ProjectConfigurationPlatforms) = postSolution
		{AA3DE3D9-57C8-4672-A100-96F5904A660E}.Debug|Any CPU.ActiveCfg = Debug|Any CPU
		{AA3DE3D9-57C8-4672-A100-96F5904A660E}.Debug|Any CPU.Build.0 = Debug|Any CPU
		{AA3DE3D9-57C8-4672-A100-96F5904A660E}.Release|Any CPU.ActiveCfg = Release|Any CPU
		{AA3DE3D9-57C8-4672-A100-96F5904A660E}.Release|Any CPU.Build.0 = Release|Any CPU
		{92F886C5-AC71-416C-9278-D8A013777658}.Debug|Any CPU.ActiveCfg = Debug|Any CPU
		{92F886C5-AC71-416C-9278-D8A013777658}.Debug|Any CPU.Build.0 = Debug|Any CPU
		{92F886C5-AC71-416C-9278-D8A013777658}.Release|Any CPU.ActiveCfg = Release|Any CPU
		{92F886C5-AC71-416C-9278-D8A013777658}.Release|Any CPU.Build.0 = Release|Any CPU
		{47A5CBC6-1AA1-459A-8A82-6D99E175C749}.Debug|Any CPU.ActiveCfg = Debug|Any CPU
		{47A5CBC6-1AA1-459A-8A82-6D99E175C749}.Debug|Any CPU.Build.0 = Debug|Any CPU
		{47A5CBC6-1AA1-459A-8A82-6D99E175C749}.Release|Any CPU.ActiveCfg = Release|Any CPU
		{47A5CBC6-1AA1-459A-8A82-6D99E175C749}.Release|Any CPU.Build.0 = Release|Any CPU
		{E2C4B715-1E55-4949-89FA-DD4B65D70A77}.Debug|Any CPU.ActiveCfg = Debug|Any CPU
		{E2C4B715-1E55-4949-89FA-DD4B65D70A77}.Debug|Any CPU.Build.0 = Debug|Any CPU
		{E2C4B715-1E55-4949-89FA-DD4B65D70A77}.Release|Any CPU.ActiveCfg = Release|Any CPU
		{E2C4B715-1E55-4949-89FA-DD4B65D70A77}.Release|Any CPU.Build.0 = Release|Any CPU
		{6CE97905-DC21-4899-9D6E-114B42A16FA3}.Debug|Any CPU.ActiveCfg = Debug|Any CPU
		{6CE97905-DC21-4899-9D6E-114B42A16FA3}.Debug|Any CPU.Build.0 = Debug|Any CPU
		{6CE97905-DC21-4899-9D6E-114B42A16FA3}.Release|Any CPU.ActiveCfg = Release|Any CPU
		{6CE97905-DC21-4899-9D6E-114B42A16FA3}.Release|Any CPU.Build.0 = Release|Any CPU
	EndGlobalSection
	GlobalSection(SolutionProperties) = preSolution
		HideSolutionNode = FALSE
	EndGlobalSection
	GlobalSection(ExtensibilityGlobals) = postSolution
		SolutionGuid = {0159E30C-9F1C-4861-99BF-6AA618F97D00}
	EndGlobalSection
EndGlobal
